// !$*UTF8*$!
{
	archiveVersion = 1;
	classes = {
	};
	objectVersion = 50;
	objects = {

/* Begin PBXBuildFile section */
		A6492D5A259735C2005B0AFB /* SwiftUI_CustomTabBarApp.swift in Sources */ = {isa = PBXBuildFile; fileRef = A6492D59259735C2005B0AFB /* SwiftUI_CustomTabBarApp.swift */; };
		A6492D5C259735C2005B0AFB /* ContentView.swift in Sources */ = {isa = PBXBuildFile; fileRef = A6492D5B259735C2005B0AFB /* ContentView.swift */; };
		A6492D5E259735C7005B0AFB /* Assets.xcassets in Resources */ = {isa = PBXBuildFile; fileRef = A6492D5D259735C7005B0AFB /* Assets.xcassets */; };
		A6492D61259735C7005B0AFB /* Preview Assets.xcassets in Resources */ = {isa = PBXBuildFile; fileRef = A6492D60259735C7005B0AFB /* Preview Assets.xcassets */; };
		A6492D6C259735C7005B0AFB /* SwiftUI_CustomTabBarTests.swift in Sources */ = {isa = PBXBuildFile; fileRef = A6492D6B259735C7005B0AFB /* SwiftUI_CustomTabBarTests.swift */; };
		A6492D77259735C7005B0AFB /* SwiftUI_CustomTabBarUITests.swift in Sources */ = {isa = PBXBuildFile; fileRef = A6492D76259735C7005B0AFB /* SwiftUI_CustomTabBarUITests.swift */; };
/* End PBXBuildFile section */

/* Begin PBXContainerItemProxy section */
		A6492D68259735C7005B0AFB /* PBXContainerItemProxy */ = {
			isa = PBXContainerItemProxy;
			containerPortal = A6492D4E259735C2005B0AFB /* Project object */;
			proxyType = 1;
			remoteGlobalIDString = A6492D55259735C2005B0AFB;
			remoteInfo = SwiftUI_CustomTabBar;
		};
		A6492D73259735C7005B0AFB /* PBXContainerItemProxy */ = {
			isa = PBXContainerItemProxy;
			containerPortal = A6492D4E259735C2005B0AFB /* Project object */;
			proxyType = 1;
			remoteGlobalIDString = A6492D55259735C2005B0AFB;
			remoteInfo = SwiftUI_CustomTabBar;
		};
/* End PBXContainerItemProxy section */

/* Begin PBXFileReference section */
		A6492D56259735C2005B0AFB /* SwiftUI_CustomTabBar.app */ = {isa = PBXFileReference; explicitFileType = wrapper.application; includeInIndex = 0; path = SwiftUI_CustomTabBar.app; sourceTree = BUILT_PRODUCTS_DIR; };
		A6492D59259735C2005B0AFB /* SwiftUI_CustomTabBarApp.swift */ = {isa = PBXFileReference; lastKnownFileType = sourcecode.swift; path = SwiftUI_CustomTabBarApp.swift; sourceTree = "<group>"; };
		A6492D5B259735C2005B0AFB /* ContentView.swift */ = {isa = PBXFileReference; lastKnownFileType = sourcecode.swift; path = ContentView.swift; sourceTree = "<group>"; };
		A6492D5D259735C7005B0AFB /* Assets.xcassets */ = {isa = PBXFileReference; lastKnownFileType = folder.assetcatalog; path = Assets.xcassets; sourceTree = "<group>"; };
		A6492D60259735C7005B0AFB /* Preview Assets.xcassets */ = {isa = PBXFileReference; lastKnownFileType = folder.assetcatalog; path = "Preview Assets.xcassets"; sourceTree = "<group>"; };
		A6492D62259735C7005B0AFB /* Info.plist */ = {isa = PBXFileReference; lastKnownFileType = text.plist.xml; path = Info.plist; sourceTree = "<group>"; };
		A6492D67259735C7005B0AFB /* SwiftUI_CustomTabBarTests.xctest */ = {isa = PBXFileReference; explicitFileType = wrapper.cfbundle; includeInIndex = 0; path = SwiftUI_CustomTabBarTests.xctest; sourceTree = BUILT_PRODUCTS_DIR; };
		A6492D6B259735C7005B0AFB /* SwiftUI_CustomTabBarTests.swift */ = {isa = PBXFileReference; lastKnownFileType = sourcecode.swift; path = SwiftUI_CustomTabBarTests.swift; sourceTree = "<group>"; };
		A6492D6D259735C7005B0AFB /* Info.plist */ = {isa = PBXFileReference; lastKnownFileType = text.plist.xml; path = Info.plist; sourceTree = "<group>"; };
		A6492D72259735C7005B0AFB /* SwiftUI_CustomTabBarUITests.xctest */ = {isa = PBXFileReference; explicitFileType = wrapper.cfbundle; includeInIndex = 0; path = SwiftUI_CustomTabBarUITests.xctest; sourceTree = BUILT_PRODUCTS_DIR; };
		A6492D76259735C7005B0AFB /* SwiftUI_CustomTabBarUITests.swift */ = {isa = PBXFileReference; lastKnownFileType = sourcecode.swift; path = SwiftUI_CustomTabBarUITests.swift; sourceTree = "<group>"; };
		A6492D78259735C7005B0AFB /* Info.plist */ = {isa = PBXFileReference; lastKnownFileType = text.plist.xml; path = Info.plist; sourceTree = "<group>"; };
/* End PBXFileReference section */

/* Begin PBXFrameworksBuildPhase section */
		A6492D53259735C2005B0AFB /* Frameworks */ = {
			isa = PBXFrameworksBuildPhase;
			buildActionMask = 2147483647;
			files = (
			);
			runOnlyForDeploymentPostprocessing = 0;
		};
		A6492D64259735C7005B0AFB /* Frameworks */ = {
			isa = PBXFrameworksBuildPhase;
			buildActionMask = 2147483647;
			files = (
			);
			runOnlyForDeploymentPostprocessing = 0;
		};
		A6492D6F259735C7005B0AFB /* Frameworks */ = {
			isa = PBXFrameworksBuildPhase;
			buildActionMask = 2147483647;
			files = (
			);
			runOnlyForDeploymentPostprocessing = 0;
		};
/* End PBXFrameworksBuildPhase section */

/* Begin PBXGroup section */
		A6492D4D259735C2005B0AFB = {
			isa = PBXGroup;
			children = (
				A6492D58259735C2005B0AFB /* SwiftUI_CustomTabBar */,
				A6492D6A259735C7005B0AFB /* SwiftUI_CustomTabBarTests */,
				A6492D75259735C7005B0AFB /* SwiftUI_CustomTabBarUITests */,
				A6492D57259735C2005B0AFB /* Products */,
			);
			sourceTree = "<group>";
		};
		A6492D57259735C2005B0AFB /* Products */ = {
			isa = PBXGroup;
			children = (
				A6492D56259735C2005B0AFB /* SwiftUI_CustomTabBar.app */,
				A6492D67259735C7005B0AFB /* SwiftUI_CustomTabBarTests.xctest */,
				A6492D72259735C7005B0AFB /* SwiftUI_CustomTabBarUITests.xctest */,
			);
			name = Products;
			sourceTree = "<group>";
		};
		A6492D58259735C2005B0AFB /* SwiftUI_CustomTabBar */ = {
			isa = PBXGroup;
			children = (
				A6492D59259735C2005B0AFB /* SwiftUI_CustomTabBarApp.swift */,
				A6492D5B259735C2005B0AFB /* ContentView.swift */,
				A6492D5D259735C7005B0AFB /* Assets.xcassets */,
				A6492D62259735C7005B0AFB /* Info.plist */,
				A6492D5F259735C7005B0AFB /* Preview Content */,
			);
			path = SwiftUI_CustomTabBar;
			sourceTree = "<group>";
		};
		A6492D5F259735C7005B0AFB /* Preview Content */ = {
			isa = PBXGroup;
			children = (
				A6492D60259735C7005B0AFB /* Preview Assets.xcassets */,
			);
			path = "Preview Content";
			sourceTree = "<group>";
		};
		A6492D6A259735C7005B0AFB /* SwiftUI_CustomTabBarTests */ = {
			isa = PBXGroup;
			children = (
				A6492D6B259735C7005B0AFB /* SwiftUI_CustomTabBarTests.swift */,
				A6492D6D259735C7005B0AFB /* Info.plist */,
			);
			path = SwiftUI_CustomTabBarTests;
			sourceTree = "<group>";
		};
		A6492D75259735C7005B0AFB /* SwiftUI_CustomTabBarUITests */ = {
			isa = PBXGroup;
			children = (
				A6492D76259735C7005B0AFB /* SwiftUI_CustomTabBarUITests.swift */,
				A6492D78259735C7005B0AFB /* Info.plist */,
			);
			path = SwiftUI_CustomTabBarUITests;
			sourceTree = "<group>";
		};
/* End PBXGroup section */

/* Begin PBXNativeTarget section */
		A6492D55259735C2005B0AFB /* SwiftUI_CustomTabBar */ = {
			isa = PBXNativeTarget;
			buildConfigurationList = A6492D7B259735C7005B0AFB /* Build configuration list for PBXNativeTarget "SwiftUI_CustomTabBar" */;
			buildPhases = (
				A6492D52259735C2005B0AFB /* Sources */,
				A6492D53259735C2005B0AFB /* Frameworks */,
				A6492D54259735C2005B0AFB /* Resources */,
			);
			buildRules = (
			);
			dependencies = (
			);
			name = SwiftUI_CustomTabBar;
			productName = SwiftUI_CustomTabBar;
			productReference = A6492D56259735C2005B0AFB /* SwiftUI_CustomTabBar.app */;
			productType = "com.apple.product-type.application";
		};
		A6492D66259735C7005B0AFB /* SwiftUI_CustomTabBarTests */ = {
			isa = PBXNativeTarget;
			buildConfigurationList = A6492D7E259735C7005B0AFB /* Build configuration list for PBXNativeTarget "SwiftUI_CustomTabBarTests" */;
			buildPhases = (
				A6492D63259735C7005B0AFB /* Sources */,
				A6492D64259735C7005B0AFB /* Frameworks */,
				A6492D65259735C7005B0AFB /* Resources */,
			);
			buildRules = (
			);
			dependencies = (
				A6492D69259735C7005B0AFB /* PBXTargetDependency */,
			);
			name = SwiftUI_CustomTabBarTests;
			productName = SwiftUI_CustomTabBarTests;
			productReference = A6492D67259735C7005B0AFB /* SwiftUI_CustomTabBarTests.xctest */;
			productType = "com.apple.product-type.bundle.unit-test";
		};
		A6492D71259735C7005B0AFB /* SwiftUI_CustomTabBarUITests */ = {
			isa = PBXNativeTarget;
			buildConfigurationList = A6492D81259735C7005B0AFB /* Build configuration list for PBXNativeTarget "SwiftUI_CustomTabBarUITests" */;
			buildPhases = (
				A6492D6E259735C7005B0AFB /* Sources */,
				A6492D6F259735C7005B0AFB /* Frameworks */,
				A6492D70259735C7005B0AFB /* Resources */,
			);
			buildRules = (
			);
			dependencies = (
				A6492D74259735C7005B0AFB /* PBXTargetDependency */,
			);
			name = SwiftUI_CustomTabBarUITests;
			productName = SwiftUI_CustomTabBarUITests;
			productReference = A6492D72259735C7005B0AFB /* SwiftUI_CustomTabBarUITests.xctest */;
			productType = "com.apple.product-type.bundle.ui-testing";
		};
/* End PBXNativeTarget section */

/* Begin PBXProject section */
		A6492D4E259735C2005B0AFB /* Project object */ = {
			isa = PBXProject;
			attributes = {
				LastSwiftUpdateCheck = 1230;
				LastUpgradeCheck = 1230;
				TargetAttributes = {
					A6492D55259735C2005B0AFB = {
						CreatedOnToolsVersion = 12.3;
					};
					A6492D66259735C7005B0AFB = {
						CreatedOnToolsVersion = 12.3;
						TestTargetID = A6492D55259735C2005B0AFB;
					};
					A6492D71259735C7005B0AFB = {
						CreatedOnToolsVersion = 12.3;
						TestTargetID = A6492D55259735C2005B0AFB;
					};
				};
			};
			buildConfigurationList = A6492D51259735C2005B0AFB /* Build configuration list for PBXProject "SwiftUI_CustomTabBar" */;
			compatibilityVersion = "Xcode 9.3";
			developmentRegion = en;
			hasScannedForEncodings = 0;
			knownRegions = (
				en,
				Base,
			);
			mainGroup = A6492D4D259735C2005B0AFB;
			productRefGroup = A6492D57259735C2005B0AFB /* Products */;
			projectDirPath = "";
			projectRoot = "";
			targets = (
				A6492D55259735C2005B0AFB /* SwiftUI_CustomTabBar */,
				A6492D66259735C7005B0AFB /* SwiftUI_CustomTabBarTests */,
				A6492D71259735C7005B0AFB /* SwiftUI_CustomTabBarUITests */,
			);
		};
/* End PBXProject section */

/* Begin PBXResourcesBuildPhase section */
		A6492D54259735C2005B0AFB /* Resources */ = {
			isa = PBXResourcesBuildPhase;
			buildActionMask = 2147483647;
			files = (
				A6492D61259735C7005B0AFB /* Preview Assets.xcassets in Resources */,
				A6492D5E259735C7005B0AFB /* Assets.xcassets in Resources */,
			);
			runOnlyForDeploymentPostprocessing = 0;
		};
		A6492D65259735C7005B0AFB /* Resources */ = {
			isa = PBXResourcesBuildPhase;
			buildActionMask = 2147483647;
			files = (
			);
			runOnlyForDeploymentPostprocessing = 0;
		};
		A6492D70259735C7005B0AFB /* Resources */ = {
			isa = PBXResourcesBuildPhase;
			buildActionMask = 2147483647;
			files = (
			);
			runOnlyForDeploymentPostprocessing = 0;
		};
/* End PBXResourcesBuildPhase section */

/* Begin PBXSourcesBuildPhase section */
		A6492D52259735C2005B0AFB /* Sources */ = {
			isa = PBXSourcesBuildPhase;
			buildActionMask = 2147483647;
			files = (
				A6492D5C259735C2005B0AFB /* ContentView.swift in Sources */,
				A6492D5A259735C2005B0AFB /* SwiftUI_CustomTabBarApp.swift in Sources */,
			);
			runOnlyForDeploymentPostprocessing = 0;
		};
		A6492D63259735C7005B0AFB /* Sources */ = {
			isa = PBXSourcesBuildPhase;
			buildActionMask = 2147483647;
			files = (
				A6492D6C259735C7005B0AFB /* SwiftUI_CustomTabBarTests.swift in Sources */,
			);
			runOnlyForDeploymentPostprocessing = 0;
		};
		A6492D6E259735C7005B0AFB /* Sources */ = {
			isa = PBXSourcesBuildPhase;
			buildActionMask = 2147483647;
			files = (
				A6492D77259735C7005B0AFB /* SwiftUI_CustomTabBarUITests.swift in Sources */,
			);
			runOnlyForDeploymentPostprocessing = 0;
		};
/* End PBXSourcesBuildPhase section */

/* Begin PBXTargetDependency section */
		A6492D69259735C7005B0AFB /* PBXTargetDependency */ = {
			isa = PBXTargetDependency;
			target = A6492D55259735C2005B0AFB /* SwiftUI_CustomTabBar */;
			targetProxy = A6492D68259735C7005B0AFB /* PBXContainerItemProxy */;
		};
		A6492D74259735C7005B0AFB /* PBXTargetDependency */ = {
			isa = PBXTargetDependency;
			target = A6492D55259735C2005B0AFB /* SwiftUI_CustomTabBar */;
			targetProxy = A6492D73259735C7005B0AFB /* PBXContainerItemProxy */;
		};
/* End PBXTargetDependency section */

/* Begin XCBuildConfiguration section */
		A6492D79259735C7005B0AFB /* Debug */ = {
			isa = XCBuildConfiguration;
			buildSettings = {
				ALWAYS_SEARCH_USER_PATHS = NO;
				CLANG_ANALYZER_NONNULL = YES;
				CLANG_ANALYZER_NUMBER_OBJECT_CONVERSION = YES_AGGRESSIVE;
				CLANG_CXX_LANGUAGE_STANDARD = "gnu++14";
				CLANG_CXX_LIBRARY = "libc++";
				CLANG_ENABLE_MODULES = YES;
				CLANG_ENABLE_OBJC_ARC = YES;
				CLANG_ENABLE_OBJC_WEAK = YES;
				CLANG_WARN_BLOCK_CAPTURE_AUTORELEASING = YES;
				CLANG_WARN_BOOL_CONVERSION = YES;
				CLANG_WARN_COMMA = YES;
				CLANG_WARN_CONSTANT_CONVERSION = YES;
				CLANG_WARN_DEPRECATED_OBJC_IMPLEMENTATIONS = YES;
				CLANG_WARN_DIRECT_OBJC_ISA_USAGE = YES_ERROR;
				CLANG_WARN_DOCUMENTATION_COMMENTS = YES;
				CLANG_WARN_EMPTY_BODY = YES;
				CLANG_WARN_ENUM_CONVERSION = YES;
				CLANG_WARN_INFINITE_RECURSION = YES;
				CLANG_WARN_INT_CONVERSION = YES;
				CLANG_WARN_NON_LITERAL_NULL_CONVERSION = YES;
				CLANG_WARN_OBJC_IMPLICIT_RETAIN_SELF = YES;
				CLANG_WARN_OBJC_LITERAL_CONVERSION = YES;
				CLANG_WARN_OBJC_ROOT_CLASS = YES_ERROR;
				CLANG_WARN_QUOTED_INCLUDE_IN_FRAMEWORK_HEADER = YES;
				CLANG_WARN_RANGE_LOOP_ANALYSIS = YES;
				CLANG_WARN_STRICT_PROTOTYPES = YES;
				CLANG_WARN_SUSPICIOUS_MOVE = YES;
				CLANG_WARN_UNGUARDED_AVAILABILITY = YES_AGGRESSIVE;
				CLANG_WARN_UNREACHABLE_CODE = YES;
				CLANG_WARN__DUPLICATE_METHOD_MATCH = YES;
				COPY_PHASE_STRIP = NO;
				DEBUG_INFORMATION_FORMAT = dwarf;
				ENABLE_STRICT_OBJC_MSGSEND = YES;
				ENABLE_TESTABILITY = YES;
				GCC_C_LANGUAGE_STANDARD = gnu11;
				GCC_DYNAMIC_NO_PIC = NO;
				GCC_NO_COMMON_BLOCKS = YES;
				GCC_OPTIMIZATION_LEVEL = 0;
				GCC_PREPROCESSOR_DEFINITIONS = (
					"DEBUG=1",
					"$(inherited)",
				);
				GCC_WARN_64_TO_32_BIT_CONVERSION = YES;
				GCC_WARN_ABOUT_RETURN_TYPE = YES_ERROR;
				GCC_WARN_UNDECLARED_SELECTOR = YES;
				GCC_WARN_UNINITIALIZED_AUTOS = YES_AGGRESSIVE;
				GCC_WARN_UNUSED_FUNCTION = YES;
				GCC_WARN_UNUSED_VARIABLE = YES;
				IPHONEOS_DEPLOYMENT_TARGET = 14.3;
				MTL_ENABLE_DEBUG_INFO = INCLUDE_SOURCE;
				MTL_FAST_MATH = YES;
				ONLY_ACTIVE_ARCH = YES;
				SDKROOT = iphoneos;
				SWIFT_ACTIVE_COMPILATION_CONDITIONS = DEBUG;
				SWIFT_OPTIMIZATION_LEVEL = "-Onone";
			};
			name = Debug;
		};
		A6492D7A259735C7005B0AFB /* Release */ = {
			isa = XCBuildConfiguration;
			buildSettings = {
				ALWAYS_SEARCH_USER_PATHS = NO;
				CLANG_ANALYZER_NONNULL = YES;
				CLANG_ANALYZER_NUMBER_OBJECT_CONVERSION = YES_AGGRESSIVE;
				CLANG_CXX_LANGUAGE_STANDARD = "gnu++14";
				CLANG_CXX_LIBRARY = "libc++";
				CLANG_ENABLE_MODULES = YES;
				CLANG_ENABLE_OBJC_ARC = YES;
				CLANG_ENABLE_OBJC_WEAK = YES;
				CLANG_WARN_BLOCK_CAPTURE_AUTORELEASING = YES;
				CLANG_WARN_BOOL_CONVERSION = YES;
				CLANG_WARN_COMMA = YES;
				CLANG_WARN_CONSTANT_CONVERSION = YES;
				CLANG_WARN_DEPRECATED_OBJC_IMPLEMENTATIONS = YES;
				CLANG_WARN_DIRECT_OBJC_ISA_USAGE = YES_ERROR;
				CLANG_WARN_DOCUMENTATION_COMMENTS = YES;
				CLANG_WARN_EMPTY_BODY = YES;
				CLANG_WARN_ENUM_CONVERSION = YES;
				CLANG_WARN_INFINITE_RECURSION = YES;
				CLANG_WARN_INT_CONVERSION = YES;
				CLANG_WARN_NON_LITERAL_NULL_CONVERSION = YES;
				CLANG_WARN_OBJC_IMPLICIT_RETAIN_SELF = YES;
				CLANG_WARN_OBJC_LITERAL_CONVERSION = YES;
				CLANG_WARN_OBJC_ROOT_CLASS = YES_ERROR;
				CLANG_WARN_QUOTED_INCLUDE_IN_FRAMEWORK_HEADER = YES;
				CLANG_WARN_RANGE_LOOP_ANALYSIS = YES;
				CLANG_WARN_STRICT_PROTOTYPES = YES;
				CLANG_WARN_SUSPICIOUS_MOVE = YES;
				CLANG_WARN_UNGUARDED_AVAILABILITY = YES_AGGRESSIVE;
				CLANG_WARN_UNREACHABLE_CODE = YES;
				CLANG_WARN__DUPLICATE_METHOD_MATCH = YES;
				COPY_PHASE_STRIP = NO;
				DEBUG_INFORMATION_FORMAT = "dwarf-with-dsym";
				ENABLE_NS_ASSERTIONS = NO;
				ENABLE_STRICT_OBJC_MSGSEND = YES;
				GCC_C_LANGUAGE_STANDARD = gnu11;
				GCC_NO_COMMON_BLOCKS = YES;
				GCC_WARN_64_TO_32_BIT_CONVERSION = YES;
				GCC_WARN_ABOUT_RETURN_TYPE = YES_ERROR;
				GCC_WARN_UNDECLARED_SELECTOR = YES;
				GCC_WARN_UNINITIALIZED_AUTOS = YES_AGGRESSIVE;
				GCC_WARN_UNUSED_FUNCTION = YES;
				GCC_WARN_UNUSED_VARIABLE = YES;
				IPHONEOS_DEPLOYMENT_TARGET = 14.3;
				MTL_ENABLE_DEBUG_INFO = NO;
				MTL_FAST_MATH = YES;
				SDKROOT = iphoneos;
				SWIFT_COMPILATION_MODE = wholemodule;
				SWIFT_OPTIMIZATION_LEVEL = "-O";
				VALIDATE_PRODUCT = YES;
			};
			name = Release;
		};
		A6492D7C259735C7005B0AFB /* Debug */ = {
			isa = XCBuildConfiguration;
			buildSettings = {
				ASSETCATALOG_COMPILER_APPICON_NAME = AppIcon;
				ASSETCATALOG_COMPILER_GLOBAL_ACCENT_COLOR_NAME = AccentColor;
				CODE_SIGN_STYLE = Automatic;
				DEVELOPMENT_ASSET_PATHS = "\"SwiftUI_CustomTabBar/Preview Content\"";
				ENABLE_PREVIEWS = YES;
				INFOPLIST_FILE = SwiftUI_CustomTabBar/Info.plist;
				IPHONEOS_DEPLOYMENT_TARGET = 14.0;
				LD_RUNPATH_SEARCH_PATHS = (
					"$(inherited)",
					"@executable_path/Frameworks",
				);
				PRODUCT_BUNDLE_IDENTIFIER = "-111.SwiftUI-CustomTabBar";
				PRODUCT_NAME = "$(TARGET_NAME)";
				SWIFT_VERSION = 5.0;
				TARGETED_DEVICE_FAMILY = "1,2";
			};
			name = Debug;
		};
		A6492D7D259735C7005B0AFB /* Release */ = {
			isa = XCBuildConfiguration;
			buildSettings = {
				ASSETCATALOG_COMPILER_APPICON_NAME = AppIcon;
				ASSETCATALOG_COMPILER_GLOBAL_ACCENT_COLOR_NAME = AccentColor;
				CODE_SIGN_STYLE = Automatic;
				DEVELOPMENT_ASSET_PATHS = "\"SwiftUI_CustomTabBar/Preview Content\"";
				ENABLE_PREVIEWS = YES;
				INFOPLIST_FILE = SwiftUI_CustomTabBar/Info.plist;
				IPHONEOS_DEPLOYMENT_TARGET = 14.0;
				LD_RUNPATH_SEARCH_PATHS = (
					"$(inherited)",
					"@executable_path/Frameworks",
				);
				PRODUCT_BUNDLE_IDENTIFIER = "-111.SwiftUI-CustomTabBar";
				PRODUCT_NAME = "$(TARGET_NAME)";
				SWIFT_VERSION = 5.0;
				TARGETED_DEVICE_FAMILY = "1,2";
			};
			name = Release;
		};
		A6492D7F259735C7005B0AFB /* Debug */ = {
			isa = XCBuildConfiguration;
			buildSettings = {
				ALWAYS_EMBED_SWIFT_STANDARD_LIBRARIES = YES;
				BUNDLE_LOADER = "$(TEST_HOST)";
				CODE_SIGN_STYLE = Automatic;
				INFOPLIST_FILE = SwiftUI_CustomTabBarTests/Info.plist;
				IPHONEOS_DEPLOYMENT_TARGET = 14.0;
				LD_RUNPATH_SEARCH_PATHS = (
					"$(inherited)",
					"@executable_path/Frameworks",
					"@loader_path/Frameworks",
				);
				PRODUCT_BUNDLE_IDENTIFIER = "-111.SwiftUI-CustomTabBarTests";
				PRODUCT_NAME = "$(TARGET_NAME)";
				SWIFT_VERSION = 5.0;
				TARGETED_DEVICE_FAMILY = "1,2";
				TEST_HOST = "$(BUILT_PRODUCTS_DIR)/SwiftUI_CustomTabBar.app/SwiftUI_CustomTabBar";
			};
			name = Debug;
		};
		A6492D80259735C7005B0AFB /* Release */ = {
			isa = XCBuildConfiguration;
			buildSettings = {
				ALWAYS_EMBED_SWIFT_STANDARD_LIBRARIES = YES;
				BUNDLE_LOADER = "$(TEST_HOST)";
				CODE_SIGN_STYLE = Automatic;
				INFOPLIST_FILE = SwiftUI_CustomTabBarTests/Info.plist;
				IPHONEOS_DEPLOYMENT_TARGET = 14.0;
				LD_RUNPATH_SEARCH_PATHS = (
					"$(inherited)",
					"@executable_path/Frameworks",
					"@loader_path/Frameworks",
				);
				PRODUCT_BUNDLE_IDENTIFIER = "-111.SwiftUI-CustomTabBarTests";
				PRODUCT_NAME = "$(TARGET_NAME)";
				SWIFT_VERSION = 5.0;
				TARGETED_DEVICE_FAMILY = "1,2";
				TEST_HOST = "$(BUILT_PRODUCTS_DIR)/SwiftUI_CustomTabBar.app/SwiftUI_CustomTabBar";
			};
			name = Release;
		};
		A6492D82259735C7005B0AFB /* Debug */ = {
			isa = XCBuildConfiguration;
			buildSettings = {
				ALWAYS_EMBED_SWIFT_STANDARD_LIBRARIES = YES;
				CODE_SIGN_STYLE = Automatic;
				INFOPLIST_FILE = SwiftUI_CustomTabBarUITests/Info.plist;
				LD_RUNPATH_SEARCH_PATHS = (
					"$(inherited)",
					"@executable_path/Frameworks",
					"@loader_path/Frameworks",
				);
				PRODUCT_BUNDLE_IDENTIFIER = "-111.SwiftUI-CustomTabBarUITests";
				PRODUCT_NAME = "$(TARGET_NAME)";
				SWIFT_VERSION = 5.0;
				TARGETED_DEVICE_FAMILY = "1,2";
				TEST_TARGET_NAME = SwiftUI_CustomTabBar;
			};
			name = Debug;
		};
		A6492D83259735C7005B0AFB /* Release */ = {
			isa = XCBuildConfiguration;
			buildSettings = {
				ALWAYS_EMBED_SWIFT_STANDARD_LIBRARIES = YES;
				CODE_SIGN_STYLE = Automatic;
				INFOPLIST_FILE = SwiftUI_CustomTabBarUITests/Info.plist;
				LD_RUNPATH_SEARCH_PATHS = (
					"$(inherited)",
					"@executable_path/Frameworks",
					"@loader_path/Frameworks",
				);
				PRODUCT_BUNDLE_IDENTIFIER = "-111.SwiftUI-CustomTabBarUITests";
				PRODUCT_NAME = "$(TARGET_NAME)";
				SWIFT_VERSION = 5.0;
				TARGETED_DEVICE_FAMILY = "1,2";
				TEST_TARGET_NAME = SwiftUI_CustomTabBar;
			};
			name = Release;
		};
/* End XCBuildConfiguration section */

/* Begin XCConfigurationList section */
		A6492D51259735C2005B0AFB /* Build configuration list for PBXProject "SwiftUI_CustomTabBar" */ = {
			isa = XCConfigurationList;
			buildConfigurations = (
				A6492D79259735C7005B0AFB /* Debug */,
				A6492D7A259735C7005B0AFB /* Release */,
			);
			defaultConfigurationIsVisible = 0;
			defaultConfigurationName = Release;
		};
		A6492D7B259735C7005B0AFB /* Build configuration list for PBXNativeTarget "SwiftUI_CustomTabBar" */ = {
			isa = XCConfigurationList;
			buildConfigurations = (
				A6492D7C259735C7005B0AFB /* Debug */,
				A6492D7D259735C7005B0AFB /* Release */,
			);
			defaultConfigurationIsVisible = 0;
			defaultConfigurationName = Release;
		};
		A6492D7E259735C7005B0AFB /* Build configuration list for PBXNativeTarget "SwiftUI_CustomTabBarTests" */ = {
			isa = XCConfigurationList;
			buildConfigurations = (
				A6492D7F259735C7005B0AFB /* Debug */,
				A6492D80259735C7005B0AFB /* Release */,
			);
			defaultConfigurationIsVisible = 0;
			defaultConfigurationName = Release;
		};
		A6492D81259735C7005B0AFB /* Build configuration list for PBXNativeTarget "SwiftUI_CustomTabBarUITests" */ = {
			isa = XCConfigurationList;
			buildConfigurations = (
				A6492D82259735C7005B0AFB /* Debug */,
				A6492D83259735C7005B0AFB /* Release */,
			);
			defaultConfigurationIsVisible = 0;
			defaultConfigurationName = Release;
		};
/* End XCConfigurationList section */
	};
	rootObject = A6492D4E259735C2005B0AFB /* Project object */;
}
